Microsoft Visual Studio Solution File, Format Version 11.00
# Visual Studio 2008

Project("{72F7D432-5582-6F22-2928-9ED9A7E0077C}") = "P1RV CLONE", "Assembly-CSharp.csproj", "{A29F5773-2356-1496-90F3-84239961A9CB}"
EndProject
Project("{72F7D432-5582-6F22-2928-9ED9A7E0077C}") = "P1RV CLONE", "Assembly-CSharp-Editor.csproj", "{EAA27B69-4321-C5FF-F013-2C1282630236}"
EndProject
Global
	GlobalSection(SolutionConfigurationPlatforms) = preSolution
		Debug|Any CPU = Debug|Any CPU
		Release|Any CPU = Release|Any CPU
	EndGlobalSection
	GlobalSection(ProjectConfigurationPlatforms) = postSolution
		{A29F5773-2356-1496-90F3-84239961A9CB}.Debug|Any CPU.ActiveCfg = Debug|Any CPU
		{A29F5773-2356-1496-90F3-84239961A9CB}.Debug|Any CPU.Build.0 = Debug|Any CPU
		{A29F5773-2356-1496-90F3-84239961A9CB}.Release|Any CPU.ActiveCfg = Release|Any CPU
		{A29F5773-2356-1496-90F3-84239961A9CB}.Release|Any CPU.Build.0 = Release|Any CPU
		{EAA27B69-4321-C5FF-F013-2C1282630236}.Debug|Any CPU.ActiveCfg = Debug|Any CPU
		{EAA27B69-4321-C5FF-F013-2C1282630236}.Debug|Any CPU.Build.0 = Debug|Any CPU
		{EAA27B69-4321-C5FF-F013-2C1282630236}.Release|Any CPU.ActiveCfg = Release|Any CPU
		{EAA27B69-4321-C5FF-F013-2C1282630236}.Release|Any CPU.Build.0 = Release|Any CPU
	EndGlobalSection
	GlobalSection(SolutionProperties) = preSolution
		HideSolutionNode = FALSE
	EndGlobalSection
	GlobalSection(MonoDevelopProperties) = preSolution
		StartupItem = Assembly-CSharp.csproj
	EndGlobalSection
EndGlobal
